
Microsoft Visual Studio Solution File, Format Version 9.00
# Visual Studio 2005
Project("{FAE04EC0-301F-11D3-BF4B-00C04F79EFBC}") = "FlareOut", "Flare_XML_Extension_V1\FlareOut.csproj", "{C4937985-A125-4A5C-BAFE-DA361CE2806F}"
EndProject
Global
	GlobalSection(SolutionConfigurationPlatforms) = preSolution
		Debug|Any CPU = Debug|Any CPU
		Release|Any CPU = Release|Any CPU
		Szerverre|Any CPU = Szerverre|Any CPU
	EndGlobalSection
	GlobalSection(ProjectConfigurationPlatforms) = postSolution
		{C4937985-A125-4A5C-BAFE-DA361CE2806F}.Debug|Any CPU.ActiveCfg = Debug|Any CPU
		{C4937985-A125-4A5C-BAFE-DA361CE2806F}.Debug|Any CPU.Build.0 = Debug|Any CPU
		{C4937985-A125-4A5C-BAFE-DA361CE2806F}.Release|Any CPU.ActiveCfg = Release|Any CPU
		{C4937985-A125-4A5C-BAFE-DA361CE2806F}.Release|Any CPU.Build.0 = Release|Any CPU
		{C4937985-A125-4A5C-BAFE-DA361CE2806F}.Szerverre|Any CPU.ActiveCfg = Szerverre|Any CPU
		{C4937985-A125-4A5C-BAFE-DA361CE2806F}.Szerverre|Any CPU.Build.0 = Szerverre|Any CPU
	EndGlobalSection
	GlobalSection(SolutionProperties) = preSolution
		HideSolutionNode = FALSE
	EndGlobalSection
EndGlobal
